<Solution>
  <Folder Name="/src/">
    <Project Path="src/Amql.Inference/Amql.Inference.csproj" />
    <Project Path="src/Amql.Safetensors/Amql.Safetensors.csproj" />
    <Project Path="src/Amql.Vindex3/Amql.Vindex3.csproj" />
  </Folder>
  <Folder Name="/tests/">
    <Project Path="tests/Amql.Tests/Amql.Tests.csproj" />
  </Folder>
</Solution>
